
Microsoft Visual Studio Solution File, Format Version 12.00
# Visual Studio 2013
VisualStudioVersion = 12.0.31101.0
MinimumVisualStudioVersion = 10.0.40219.1
Project("{FAE04EC0-301F-11D3-BF4B-00C04F79EFBC}") = "WebFormsDI", "WebFormsDI\WebFormsDI.csproj", "{04DDAF56-6E54-45CA-85EB-E1787913FFD6}"
EndProject
Project("{FAE04EC0-301F-11D3-BF4B-00C04F79EFBC}") = "WebFormsDI.Tests", "WebFormsDI.Tests\WebFormsDI.Tests.csproj", "{629E193F-E579-452D-A44A-B5C742600612}"
EndProject
Global
	GlobalSection(SolutionConfigurationPlatforms) = preSolution
		Debug|Any CPU = Debug|Any CPU
		Release|Any CPU = Release|Any CPU
	EndGlobalSection
	GlobalSection(ProjectConfigurationPlatforms) = postSolution
		{04DDAF56-6E54-45CA-85EB-E1787913FFD6}.Debug|Any CPU.ActiveCfg = Debug|Any CPU
		{04DDAF56-6E54-45CA-85EB-E1787913FFD6}.Debug|Any CPU.Build.0 = Debug|Any CPU
		{04DDAF56-6E54-45CA-85EB-E1787913FFD6}.Release|Any CPU.ActiveCfg = Release|Any CPU
		{04DDAF56-6E54-45CA-85EB-E1787913FFD6}.Release|Any CPU.Build.0 = Release|Any CPU
		{629E193F-E579-452D-A44A-B5C742600612}.Debug|Any CPU.ActiveCfg = Debug|Any CPU
		{629E193F-E579-452D-A44A-B5C742600612}.Debug|Any CPU.Build.0 = Debug|Any CPU
		{629E193F-E579-452D-A44A-B5C742600612}.Release|Any CPU.ActiveCfg = Release|Any CPU
		{629E193F-E579-452D-A44A-B5C742600612}.Release|Any CPU.Build.0 = Release|Any CPU
	EndGlobalSection
	GlobalSection(SolutionProperties) = preSolution
		HideSolutionNode = FALSE
	EndGlobalSection
	GlobalSection(ExtensibilityGlobals) = postSolution
		EnterpriseLibraryConfigurationToolBinariesPathV6 = packages\EnterpriseLibrary.Common.6.0.1304.0\lib\NET45
	EndGlobalSection
EndGlobal
